
Microsoft Visual Studio Solution File, Format Version 12.00
# Visual Studio Version 17
VisualStudioVersion = 17.9.34902.65
MinimumVisualStudioVersion = 10.0.40219.1
Project("{FAE04EC0-301F-11D3-BF4B-00C04F79EFBC}") = "Rose_ASP", "Rose_ASP\Rose_ASP.csproj", "{E01DDD9B-275A-45EE-99CD-2C317E18DC7E}"
EndProject
Global
	GlobalSection(SolutionConfigurationPlatforms) = preSolution
		Debug|Any CPU = Debug|Any CPU
		Release|Any CPU = Release|Any CPU
	EndGlobalSection
	GlobalSection(ProjectConfigurationPlatforms) = postSolution
		{E01DDD9B-275A-45EE-99CD-2C317E18DC7E}.Debug|Any CPU.ActiveCfg = Debug|Any CPU
		{E01DDD9B-275A-45EE-99CD-2C317E18DC7E}.Debug|Any CPU.Build.0 = Debug|Any CPU
		{E01DDD9B-275A-45EE-99CD-2C317E18DC7E}.Release|Any CPU.ActiveCfg = Release|Any CPU
		{E01DDD9B-275A-45EE-99CD-2C317E18DC7E}.Release|Any CPU.Build.0 = Release|Any CPU
	EndGlobalSection
	GlobalSection(SolutionProperties) = preSolution
		HideSolutionNode = FALSE
	EndGlobalSection
	GlobalSection(ExtensibilityGlobals) = postSolution
		SolutionGuid = {CF2B62FE-F6A8-43D9-BC1D-9F2D21C98F91}
	EndGlobalSection
EndGlobal
